// !$*UTF8*$!
{
	archiveVersion = 1;
	classes = {
	};
	objectVersion = 46;
	objects = {

/* Begin PBXBuildFile section */
		3D00E6B91EF8C5B200659E2F /* UITextView+ZWPlaceHolder.m in Sources */ = {isa = PBXBuildFile; fileRef = 3D00E6B81EF8C5B200659E2F /* UITextView+ZWPlaceHolder.m */; };
		3D00E6BD1EF8C5FC00659E2F /* BadgeButton.m in Sources */ = {isa = PBXBuildFile; fileRef = 3D00E6BC1EF8C5FC00659E2F /* BadgeButton.m */; };
		3D00E6D81EF8C61C00659E2F /* MASCompositeConstraint.m in Sources */ = {isa = PBXBuildFile; fileRef = 3D00E6C01EF8C61C00659E2F /* MASCompositeConstraint.m */; };
		3D00E6D91EF8C61C00659E2F /* MASConstraint.m in Sources */ = {isa = PBXBuildFile; fileRef = 3D00E6C31EF8C61C00659E2F /* MASConstraint.m */; };
		3D00E6DA1EF8C61C00659E2F /* MASConstraintMaker.m in Sources */ = {isa = PBXBuildFile; fileRef = 3D00E6C51EF8C61C00659E2F /* MASConstraintMaker.m */; };
		3D00E6DB1EF8C61C00659E2F /* MASLayoutConstraint.m in Sources */ = {isa = PBXBuildFile; fileRef = 3D00E6C71EF8C61C00659E2F /* MASLayoutConstraint.m */; };
		3D00E6DC1EF8C61C00659E2F /* MASViewAttribute.m in Sources */ = {isa = PBXBuildFile; fileRef = 3D00E6CB1EF8C61C00659E2F /* MASViewAttribute.m */; };
		3D00E6DD1EF8C61C00659E2F /* MASViewConstraint.m in Sources */ = {isa = PBXBuildFile; fileRef = 3D00E6CD1EF8C61C00659E2F /* MASViewConstraint.m */; };
		3D00E6DE1EF8C61C00659E2F /* NSArray+MASAdditions.m in Sources */ = {isa = PBXBuildFile; fileRef = 3D00E6CF1EF8C61C00659E2F /* NSArray+MASAdditions.m */; };
		3D00E6DF1EF8C61C00659E2F /* NSLayoutConstraint+MASDebugAdditions.m in Sources */ = {isa = PBXBuildFile; fileRef = 3D00E6D21EF8C61C00659E2F /* NSLayoutConstraint+MASDebugAdditions.m */; };
		3D00E6E01EF8C61C00659E2F /* View+MASAdditions.m in Sources */ = {isa = PBXBuildFile; fileRef = 3D00E6D41EF8C61C00659E2F /* View+MASAdditions.m */; };
		3D00E6E11EF8C61C00659E2F /* ViewController+MASAdditions.m in Sources */ = {isa = PBXBuildFile; fileRef = 3D00E6D71EF8C61C00659E2F /* ViewController+MASAdditions.m */; };
		3D5CD4611E50741500582874 /* main.m in Sources */ = {isa = PBXBuildFile; fileRef = 3D5CD4601E50741500582874 /* main.m */; };
		3D5CD4641E50741500582874 /* AppDelegate.m in Sources */ = {isa = PBXBuildFile; fileRef = 3D5CD4631E50741500582874 /* AppDelegate.m */; };
		3D5CD4671E50741500582874 /* ViewController.m in Sources */ = {isa = PBXBuildFile; fileRef = 3D5CD4661E50741500582874 /* ViewController.m */; };
		3D5CD46A1E50741500582874 /* Main.storyboard in Resources */ = {isa = PBXBuildFile; fileRef = 3D5CD4681E50741500582874 /* Main.storyboard */; };
		3D5CD46C1E50741500582874 /* Assets.xcassets in Resources */ = {isa = PBXBuildFile; fileRef = 3D5CD46B1E50741500582874 /* Assets.xcassets */; };
		3D5CD46F1E50741500582874 /* LaunchScreen.storyboard in Resources */ = {isa = PBXBuildFile; fileRef = 3D5CD46D1E50741500582874 /* LaunchScreen.storyboard */; };
/* End PBXBuildFile section */

/* Begin PBXFileReference section */
		3D00E6B71EF8C5B200659E2F /* UITextView+ZWPlaceHolder.h */ = {isa = PBXFileReference; fileEncoding = 4; lastKnownFileType = sourcecode.c.h; path = "UITextView+ZWPlaceHolder.h"; sourceTree = "<group>"; };
		3D00E6B81EF8C5B200659E2F /* UITextView+ZWPlaceHolder.m */ = {isa = PBXFileReference; fileEncoding = 4; lastKnownFileType = sourcecode.c.objc; path = "UITextView+ZWPlaceHolder.m"; sourceTree = "<group>"; };
		3D00E6BB1EF8C5FC00659E2F /* BadgeButton.h */ = {isa = PBXFileReference; fileEncoding = 4; lastKnownFileType = sourcecode.c.h; path = BadgeButton.h; sourceTree = "<group>"; };
		3D00E6BC1EF8C5FC00659E2F /* BadgeButton.m */ = {isa = PBXFileReference; fileEncoding = 4; lastKnownFileType = sourcecode.c.objc; path = BadgeButton.m; sourceTree = "<group>"; };
		3D00E6BF1EF8C61C00659E2F /* MASCompositeConstraint.h */ = {isa = PBXFileReference; fileEncoding = 4; lastKnownFileType = sourcecode.c.h; path = MASCompositeConstraint.h; sourceTree = "<group>"; };
		3D00E6C01EF8C61C00659E2F /* MASCompositeConstraint.m */ = {isa = PBXFileReference; fileEncoding = 4; lastKnownFileType = sourcecode.c.objc; path = MASCompositeConstraint.m; sourceTree = "<group>"; };
		3D00E6C11EF8C61C00659E2F /* MASConstraint+Private.h */ = {isa = PBXFileReference; fileEncoding = 4; lastKnownFileType = sourcecode.c.h; path = "MASConstraint+Private.h"; sourceTree = "<group>"; };
		3D00E6C21EF8C61C00659E2F /* MASConstraint.h */ = {isa = PBXFileReference; fileEncoding = 4; lastKnownFileType = sourcecode.c.h; path = MASConstraint.h; sourceTree = "<group>"; };
		3D00E6C31EF8C61C00659E2F /* MASConstraint.m */ = {isa = PBXFileReference; fileEncoding = 4; lastKnownFileType = sourcecode.c.objc; path = MASConstraint.m; sourceTree = "<group>"; };
		3D00E6C41EF8C61C00659E2F /* MASConstraintMaker.h */ = {isa = PBXFileReference; fileEncoding = 4; lastKnownFileType = sourcecode.c.h; path = MASConstraintMaker.h; sourceTree = "<group>"; };
		3D00E6C51EF8C61C00659E2F /* MASConstraintMaker.m */ = {isa = PBXFileReference; fileEncoding = 4; lastKnownFileType = sourcecode.c.objc; path = MASConstraintMaker.m; sourceTree = "<group>"; };
		3D00E6C61EF8C61C00659E2F /* MASLayoutConstraint.h */ = {isa = PBXFileReference; fileEncoding = 4; lastKnownFileType = sourcecode.c.h; path = MASLayoutConstraint.h; sourceTree = "<group>"; };
		3D00E6C71EF8C61C00659E2F /* MASLayoutConstraint.m */ = {isa = PBXFileReference; fileEncoding = 4; lastKnownFileType = sourcecode.c.objc; path = MASLayoutConstraint.m; sourceTree = "<group>"; };
		3D00E6C81EF8C61C00659E2F /* Masonry.h */ = {isa = PBXFileReference; fileEncoding = 4; lastKnownFileType = sourcecode.c.h; path = Masonry.h; sourceTree = "<group>"; };
		3D00E6C91EF8C61C00659E2F /* MASUtilities.h */ = {isa = PBXFileReference; fileEncoding = 4; lastKnownFileType = sourcecode.c.h; path = MASUtilities.h; sourceTree = "<group>"; };
		3D00E6CA1EF8C61C00659E2F /* MASViewAttribute.h */ = {isa = PBXFileReference; fileEncoding = 4; lastKnownFileType = sourcecode.c.h; path = MASViewAttribute.h; sourceTree = "<group>"; };
		3D00E6CB1EF8C61C00659E2F /* MASViewAttribute.m */ = {isa = PBXFileReference; fileEncoding = 4; lastKnownFileType = sourcecode.c.objc; path = MASViewAttribute.m; sourceTree = "<group>"; };
		3D00E6CC1EF8C61C00659E2F /* MASViewConstraint.h */ = {isa = PBXFileReference; fileEncoding = 4; lastKnownFileType = sourcecode.c.h; path = MASViewConstraint.h; sourceTree = "<group>"; };
		3D00E6CD1EF8C61C00659E2F /* MASViewConstraint.m */ = {isa = PBXFileReference; fileEncoding = 4; lastKnownFileType = sourcecode.c.objc; path = MASViewConstraint.m; sourceTree = "<group>"; };
		3D00E6CE1EF8C61C00659E2F /* NSArray+MASAdditions.h */ = {isa = PBXFileReference; fileEncoding = 4; lastKnownFileType = sourcecode.c.h; path = "NSArray+MASAdditions.h"; sourceTree = "<group>"; };
		3D00E6CF1EF8C61C00659E2F /* NSArray+MASAdditions.m */ = {isa = PBXFileReference; fileEncoding = 4; lastKnownFileType = sourcecode.c.objc; path = "NSArray+MASAdditions.m"; sourceTree = "<group>"; };
		3D00E6D01EF8C61C00659E2F /* NSArray+MASShorthandAdditions.h */ = {isa = PBXFileReference; fileEncoding = 4; lastKnownFileType = sourcecode.c.h; path = "NSArray+MASShorthandAdditions.h"; sourceTree = "<group>"; };
		3D00E6D11EF8C61C00659E2F /* NSLayoutConstraint+MASDebugAdditions.h */ = {isa = PBXFileReference; fileEncoding = 4; lastKnownFileType = sourcecode.c.h; path = "NSLayoutConstraint+MASDebugAdditions.h"; sourceTree = "<group>"; };
		3D00E6D21EF8C61C00659E2F /* NSLayoutConstraint+MASDebugAdditions.m */ = {isa = PBXFileReference; fileEncoding = 4; lastKnownFileType = sourcecode.c.objc; path = "NSLayoutConstraint+MASDebugAdditions.m"; sourceTree = "<group>"; };
		3D00E6D31EF8C61C00659E2F /* View+MASAdditions.h */ = {isa = PBXFileReference; fileEncoding = 4; lastKnownFileType = sourcecode.c.h; path = "View+MASAdditions.h"; sourceTree = "<group>"; };
		3D00E6D41EF8C61C00659E2F /* View+MASAdditions.m */ = {isa = PBXFileReference; fileEncoding = 4; lastKnownFileType = sourcecode.c.objc; path = "View+MASAdditions.m"; sourceTree = "<group>"; };
		3D00E6D51EF8C61C00659E2F /* View+MASShorthandAdditions.h */ = {isa = PBXFileReference; fileEncoding = 4; lastKnownFileType = sourcecode.c.h; path = "View+MASShorthandAdditions.h"; sourceTree = "<group>"; };
		3D00E6D61EF8C61C00659E2F /* ViewController+MASAdditions.h */ = {isa = PBXFileReference; fileEncoding = 4; lastKnownFileType = sourcecode.c.h; path = "ViewController+MASAdditions.h"; sourceTree = "<group>"; };
		3D00E6D71EF8C61C00659E2F /* ViewController+MASAdditions.m */ = {isa = PBXFileReference; fileEncoding = 4; lastKnownFileType = sourcecode.c.objc; path = "ViewController+MASAdditions.m"; sourceTree = "<group>"; };
		3D5CD45C1E50741500582874 /* LBTools.app */ = {isa = PBXFileReference; explicitFileType = wrapper.application; includeInIndex = 0; path = LBTools.app; sourceTree = BUILT_PRODUCTS_DIR; };
		3D5CD4601E50741500582874 /* main.m */ = {isa = PBXFileReference; lastKnownFileType = sourcecode.c.objc; path = main.m; sourceTree = "<group>"; };
		3D5CD4621E50741500582874 /* AppDelegate.h */ = {isa = PBXFileReference; lastKnownFileType = sourcecode.c.h; path = AppDelegate.h; sourceTree = "<group>"; };
		3D5CD4631E50741500582874 /* AppDelegate.m */ = {isa = PBXFileReference; lastKnownFileType = sourcecode.c.objc; path = AppDelegate.m; sourceTree = "<group>"; };
		3D5CD4651E50741500582874 /* ViewController.h */ = {isa = PBXFileReference; lastKnownFileType = sourcecode.c.h; path = ViewController.h; sourceTree = "<group>"; };
		3D5CD4661E50741500582874 /* ViewController.m */ = {isa = PBXFileReference; lastKnownFileType = sourcecode.c.objc; path = ViewController.m; sourceTree = "<group>"; };
		3D5CD4691E50741500582874 /* Base */ = {isa = PBXFileReference; lastKnownFileType = file.storyboard; name = Base; path = Base.lproj/Main.storyboard; sourceTree = "<group>"; };
		3D5CD46B1E50741500582874 /* Assets.xcassets */ = {isa = PBXFileReference; lastKnownFileType = folder.assetcatalog; path = Assets.xcassets; sourceTree = "<group>"; };
		3D5CD46E1E50741500582874 /* Base */ = {isa = PBXFileReference; lastKnownFileType = file.storyboard; name = Base; path = Base.lproj/LaunchScreen.storyboard; sourceTree = "<group>"; };
		3D5CD4701E50741500582874 /* Info.plist */ = {isa = PBXFileReference; lastKnownFileType = text.plist.xml; path = Info.plist; sourceTree = "<group>"; };
/* End PBXFileReference section */

/* Begin PBXFrameworksBuildPhase section */
		3D5CD4591E50741500582874 /* Frameworks */ = {
			isa = PBXFrameworksBuildPhase;
			buildActionMask = 2147483647;
			files = (
			);
			runOnlyForDeploymentPostprocessing = 0;
		};
/* End PBXFrameworksBuildPhase section */

/* Begin PBXGroup section */
		3D00E6B61EF8C5B200659E2F /* ZWPlaceHolder */ = {
			isa = PBXGroup;
			children = (
				3D00E6B71EF8C5B200659E2F /* UITextView+ZWPlaceHolder.h */,
				3D00E6B81EF8C5B200659E2F /* UITextView+ZWPlaceHolder.m */,
			);
			path = ZWPlaceHolder;
			sourceTree = "<group>";
		};
		3D00E6BA1EF8C5FC00659E2F /* BadgeButton */ = {
			isa = PBXGroup;
			children = (
				3D00E6BB1EF8C5FC00659E2F /* BadgeButton.h */,
				3D00E6BC1EF8C5FC00659E2F /* BadgeButton.m */,
			);
			path = BadgeButton;
			sourceTree = "<group>";
		};
		3D00E6BE1EF8C61C00659E2F /* Masonry */ = {
			isa = PBXGroup;
			children = (
				3D00E6BF1EF8C61C00659E2F /* MASCompositeConstraint.h */,
				3D00E6C01EF8C61C00659E2F /* MASCompositeConstraint.m */,
				3D00E6C11EF8C61C00659E2F /* MASConstraint+Private.h */,
				3D00E6C21EF8C61C00659E2F /* MASConstraint.h */,
				3D00E6C31EF8C61C00659E2F /* MASConstraint.m */,
				3D00E6C41EF8C61C00659E2F /* MASConstraintMaker.h */,
				3D00E6C51EF8C61C00659E2F /* MASConstraintMaker.m */,
				3D00E6C61EF8C61C00659E2F /* MASLayoutConstraint.h */,
				3D00E6C71EF8C61C00659E2F /* MASLayoutConstraint.m */,
				3D00E6C81EF8C61C00659E2F /* Masonry.h */,
				3D00E6C91EF8C61C00659E2F /* MASUtilities.h */,
				3D00E6CA1EF8C61C00659E2F /* MASViewAttribute.h */,
				3D00E6CB1EF8C61C00659E2F /* MASViewAttribute.m */,
				3D00E6CC1EF8C61C00659E2F /* MASViewConstraint.h */,
				3D00E6CD1EF8C61C00659E2F /* MASViewConstraint.m */,
				3D00E6CE1EF8C61C00659E2F /* NSArray+MASAdditions.h */,
				3D00E6CF1EF8C61C00659E2F /* NSArray+MASAdditions.m */,
				3D00E6D01EF8C61C00659E2F /* NSArray+MASShorthandAdditions.h */,
				3D00E6D11EF8C61C00659E2F /* NSLayoutConstraint+MASDebugAdditions.h */,
				3D00E6D21EF8C61C00659E2F /* NSLayoutConstraint+MASDebugAdditions.m */,
				3D00E6D31EF8C61C00659E2F /* View+MASAdditions.h */,
				3D00E6D41EF8C61C00659E2F /* View+MASAdditions.m */,
				3D00E6D51EF8C61C00659E2F /* View+MASShorthandAdditions.h */,
				3D00E6D61EF8C61C00659E2F /* ViewController+MASAdditions.h */,
				3D00E6D71EF8C61C00659E2F /* ViewController+MASAdditions.m */,
			);
			path = Masonry;
			sourceTree = "<group>";
		};
		3D0344BF1EAF83F60065BC12 /* CustomUI */ = {
			isa = PBXGroup;
			children = (
				3D00E6BA1EF8C5FC00659E2F /* BadgeButton */,
				3D00E6B61EF8C5B200659E2F /* ZWPlaceHolder */,
			);
			path = CustomUI;
			sourceTree = "<group>";
		};
		3D5CD4531E50741500582874 = {
			isa = PBXGroup;
			children = (
				3D5CD45E1E50741500582874 /* LBTools */,
				3D5CD45D1E50741500582874 /* Products */,
			);
			sourceTree = "<group>";
		};
		3D5CD45D1E50741500582874 /* Products */ = {
			isa = PBXGroup;
			children = (
				3D5CD45C1E50741500582874 /* LBTools.app */,
			);
			name = Products;
			sourceTree = "<group>";
		};
		3D5CD45E1E50741500582874 /* LBTools */ = {
			isa = PBXGroup;
			children = (
				3D00E6BE1EF8C61C00659E2F /* Masonry */,
				3D0344BF1EAF83F60065BC12 /* CustomUI */,
				3D5CD4621E50741500582874 /* AppDelegate.h */,
				3D5CD4631E50741500582874 /* AppDelegate.m */,
				3D5CD4651E50741500582874 /* ViewController.h */,
				3D5CD4661E50741500582874 /* ViewController.m */,
				3D5CD4681E50741500582874 /* Main.storyboard */,
				3D5CD46B1E50741500582874 /* Assets.xcassets */,
				3D5CD46D1E50741500582874 /* LaunchScreen.storyboard */,
				3D5CD4701E50741500582874 /* Info.plist */,
				3D5CD45F1E50741500582874 /* Supporting Files */,
			);
			path = LBTools;
			sourceTree = "<group>";
		};
		3D5CD45F1E50741500582874 /* Supporting Files */ = {
			isa = PBXGroup;
			children = (
				3D5CD4601E50741500582874 /* main.m */,
			);
			name = "Supporting Files";
			sourceTree = "<group>";
		};
/* End PBXGroup section */

/* Begin PBXNativeTarget section */
		3D5CD45B1E50741500582874 /* LBTools */ = {
			isa = PBXNativeTarget;
			buildConfigurationList = 3D5CD4731E50741500582874 /* Build configuration list for PBXNativeTarget "LBTools" */;
			buildPhases = (
				3D5CD4581E50741500582874 /* Sources */,
				3D5CD4591E50741500582874 /* Frameworks */,
				3D5CD45A1E50741500582874 /* Resources */,
			);
			buildRules = (
			);
			dependencies = (
			);
			name = LBTools;
			productName = LBTools;
			productReference = 3D5CD45C1E50741500582874 /* LBTools.app */;
			productType = "com.apple.product-type.application";
		};
/* End PBXNativeTarget section */

/* Begin PBXProject section */
		3D5CD4541E50741500582874 /* Project object */ = {
			isa = PBXProject;
			attributes = {
				LastUpgradeCheck = 0800;
				ORGANIZATIONNAME = LBBanner;
				TargetAttributes = {
					3D5CD45B1E50741500582874 = {
						CreatedOnToolsVersion = 8.0;
						DevelopmentTeam = GTFMD946B3;
						ProvisioningStyle = Automatic;
					};
				};
			};
			buildConfigurationList = 3D5CD4571E50741500582874 /* Build configuration list for PBXProject "LBTools" */;
			compatibilityVersion = "Xcode 3.2";
			developmentRegion = English;
			hasScannedForEncodings = 0;
			knownRegions = (
				en,
				Base,
			);
			mainGroup = 3D5CD4531E50741500582874;
			productRefGroup = 3D5CD45D1E50741500582874 /* Products */;
			projectDirPath = "";
			projectRoot = "";
			targets = (
				3D5CD45B1E50741500582874 /* LBTools */,
			);
		};
/* End PBXProject section */

/* Begin PBXResourcesBuildPhase section */
		3D5CD45A1E50741500582874 /* Resources */ = {
			isa = PBXResourcesBuildPhase;
			buildActionMask = 2147483647;
			files = (
				3D5CD46F1E50741500582874 /* LaunchScreen.storyboard in Resources */,
				3D5CD46C1E50741500582874 /* Assets.xcassets in Resources */,
				3D5CD46A1E50741500582874 /* Main.storyboard in Resources */,
			);
			runOnlyForDeploymentPostprocessing = 0;
		};
/* End PBXResourcesBuildPhase section */

/* Begin PBXSourcesBuildPhase section */
		3D5CD4581E50741500582874 /* Sources */ = {
			isa = PBXSourcesBuildPhase;
			buildActionMask = 2147483647;
			files = (
				3D00E6DF1EF8C61C00659E2F /* NSLayoutConstraint+MASDebugAdditions.m in Sources */,
				3D00E6BD1EF8C5FC00659E2F /* BadgeButton.m in Sources */,
				3D00E6DD1EF8C61C00659E2F /* MASViewConstraint.m in Sources */,
				3D5CD4671E50741500582874 /* ViewController.m in Sources */,
				3D5CD4641E50741500582874 /* AppDelegate.m in Sources */,
				3D00E6B91EF8C5B200659E2F /* UITextView+ZWPlaceHolder.m in Sources */,
				3D00E6E01EF8C61C00659E2F /* View+MASAdditions.m in Sources */,
				3D00E6D81EF8C61C00659E2F /* MASCompositeConstraint.m in Sources */,
				3D00E6DC1EF8C61C00659E2F /* MASViewAttribute.m in Sources */,
				3D00E6DA1EF8C61C00659E2F /* MASConstraintMaker.m in Sources */,
				3D00E6DE1EF8C61C00659E2F /* NSArray+MASAdditions.m in Sources */,
				3D00E6E11EF8C61C00659E2F /* ViewController+MASAdditions.m in Sources */,
				3D00E6D91EF8C61C00659E2F /* MASConstraint.m in Sources */,
				3D00E6DB1EF8C61C00659E2F /* MASLayoutConstraint.m in Sources */,
				3D5CD4611E50741500582874 /* main.m in Sources */,
			);
			runOnlyForDeploymentPostprocessing = 0;
		};
/* End PBXSourcesBuildPhase section */

/* Begin PBXVariantGroup section */
		3D5CD4681E50741500582874 /* Main.storyboard */ = {
			isa = PBXVariantGroup;
			children = (
				3D5CD4691E50741500582874 /* Base */,
			);
			name = Main.storyboard;
			sourceTree = "<group>";
		};
		3D5CD46D1E50741500582874 /* LaunchScreen.storyboard */ = {
			isa = PBXVariantGroup;
			children = (
				3D5CD46E1E50741500582874 /* Base */,
			);
			name = LaunchScreen.storyboard;
			sourceTree = "<group>";
		};
/* End PBXVariantGroup section */

/* Begin XCBuildConfiguration section */
		3D5CD4711E50741500582874 /* Debug */ = {
			isa = XCBuildConfiguration;
			buildSettings = {
				ALWAYS_SEARCH_USER_PATHS = NO;
				CLANG_ANALYZER_NONNULL = YES;
				CLANG_CXX_LANGUAGE_STANDARD = "gnu++0x";
				CLANG_CXX_LIBRARY = "libc++";
				CLANG_ENABLE_MODULES = YES;
				CLANG_ENABLE_OBJC_ARC = YES;
				CLANG_WARN_BOOL_CONVERSION = YES;
				CLANG_WARN_CONSTANT_CONVERSION = YES;
				CLANG_WARN_DIRECT_OBJC_ISA_USAGE = YES_ERROR;
				CLANG_WARN_DOCUMENTATION_COMMENTS = YES;
				CLANG_WARN_EMPTY_BODY = YES;
				CLANG_WARN_ENUM_CONVERSION = YES;
				CLANG_WARN_INFINITE_RECURSION = YES;
				CLANG_WARN_INT_CONVERSION = YES;
				CLANG_WARN_OBJC_ROOT_CLASS = YES_ERROR;
				CLANG_WARN_SUSPICIOUS_MOVES = YES;
				CLANG_WARN_UNREACHABLE_CODE = YES;
				CLANG_WARN__DUPLICATE_METHOD_MATCH = YES;
				"CODE_SIGN_IDENTITY[sdk=iphoneos*]" = "iPhone Developer";
				COPY_PHASE_STRIP = NO;
				DEBUG_INFORMATION_FORMAT = dwarf;
				ENABLE_STRICT_OBJC_MSGSEND = YES;
				ENABLE_TESTABILITY = YES;
				GCC_C_LANGUAGE_STANDARD = gnu99;
				GCC_DYNAMIC_NO_PIC = NO;
				GCC_NO_COMMON_BLOCKS = YES;
				GCC_OPTIMIZATION_LEVEL = 0;
				GCC_PREPROCESSOR_DEFINITIONS = (
					"DEBUG=1",
					"$(inherited)",
				);
				GCC_WARN_64_TO_32_BIT_CONVERSION = YES;
				GCC_WARN_ABOUT_RETURN_TYPE = YES_ERROR;
				GCC_WARN_UNDECLARED_SELECTOR = YES;
				GCC_WARN_UNINITIALIZED_AUTOS = YES_AGGRESSIVE;
				GCC_WARN_UNUSED_FUNCTION = YES;
				GCC_WARN_UNUSED_VARIABLE = YES;
				IPHONEOS_DEPLOYMENT_TARGET = 10.0;
				MTL_ENABLE_DEBUG_INFO = YES;
				ONLY_ACTIVE_ARCH = YES;
				SDKROOT = iphoneos;
				TARGETED_DEVICE_FAMILY = "1,2";
			};
			name = Debug;
		};
		3D5CD4721E50741500582874 /* Release */ = {
			isa = XCBuildConfiguration;
			buildSettings = {
				ALWAYS_SEARCH_USER_PATHS = NO;
				CLANG_ANALYZER_NONNULL = YES;
				CLANG_CXX_LANGUAGE_STANDARD = "gnu++0x";
				CLANG_CXX_LIBRARY = "libc++";
				CLANG_ENABLE_MODULES = YES;
				CLANG_ENABLE_OBJC_ARC = YES;
				CLANG_WARN_BOOL_CONVERSION = YES;
				CLANG_WARN_CONSTANT_CONVERSION = YES;
				CLANG_WARN_DIRECT_OBJC_ISA_USAGE = YES_ERROR;
				CLANG_WARN_DOCUMENTATION_COMMENTS = YES;
				CLANG_WARN_EMPTY_BODY = YES;
				CLANG_WARN_ENUM_CONVERSION = YES;
				CLANG_WARN_INFINITE_RECURSION = YES;
				CLANG_WARN_INT_CONVERSION = YES;
				CLANG_WARN_OBJC_ROOT_CLASS = YES_ERROR;
				CLANG_WARN_SUSPICIOUS_MOVES = YES;
				CLANG_WARN_UNREACHABLE_CODE = YES;
				CLANG_WARN__DUPLICATE_METHOD_MATCH = YES;
				"CODE_SIGN_IDENTITY[sdk=iphoneos*]" = "iPhone Developer";
				COPY_PHASE_STRIP = NO;
				DEBUG_INFORMATION_FORMAT = "dwarf-with-dsym";
				ENABLE_NS_ASSERTIONS = NO;
				ENABLE_STRICT_OBJC_MSGSEND = YES;
				GCC_C_LANGUAGE_STANDARD = gnu99;
				GCC_NO_COMMON_BLOCKS = YES;
				GCC_WARN_64_TO_32_BIT_CONVERSION = YES;
				GCC_WARN_ABOUT_RETURN_TYPE = YES_ERROR;
				GCC_WARN_UNDECLARED_SELECTOR = YES;
				GCC_WARN_UNINITIALIZED_AUTOS = YES_AGGRESSIVE;
				GCC_WARN_UNUSED_FUNCTION = YES;
				GCC_WARN_UNUSED_VARIABLE = YES;
				IPHONEOS_DEPLOYMENT_TARGET = 10.0;
				MTL_ENABLE_DEBUG_INFO = NO;
				SDKROOT = iphoneos;
				TARGETED_DEVICE_FAMILY = "1,2";
				VALIDATE_PRODUCT = YES;
			};
			name = Release;
		};
		3D5CD4741E50741500582874 /* Debug */ = {
			isa = XCBuildConfiguration;
			buildSettings = {
				ASSETCATALOG_COMPILER_APPICON_NAME = AppIcon;
				DEVELOPMENT_TEAM = GTFMD946B3;
				INFOPLIST_FILE = LBTools/Info.plist;
				LD_RUNPATH_SEARCH_PATHS = "$(inherited) @executable_path/Frameworks";
				PRODUCT_BUNDLE_IDENTIFIER = com.LBBanner.LBTools;
				PRODUCT_NAME = "$(TARGET_NAME)";
			};
			name = Debug;
		};
		3D5CD4751E50741500582874 /* Release */ = {
			isa = XCBuildConfiguration;
			buildSettings = {
				ASSETCATALOG_COMPILER_APPICON_NAME = AppIcon;
				DEVELOPMENT_TEAM = GTFMD946B3;
				INFOPLIST_FILE = LBTools/Info.plist;
				LD_RUNPATH_SEARCH_PATHS = "$(inherited) @executable_path/Frameworks";
				PRODUCT_BUNDLE_IDENTIFIER = com.LBBanner.LBTools;
				PRODUCT_NAME = "$(TARGET_NAME)";
			};
			name = Release;
		};
/* End XCBuildConfiguration section */

/* Begin XCConfigurationList section */
		3D5CD4571E50741500582874 /* Build configuration list for PBXProject "LBTools" */ = {
			isa = XCConfigurationList;
			buildConfigurations = (
				3D5CD4711E50741500582874 /* Debug */,
				3D5CD4721E50741500582874 /* Release */,
			);
			defaultConfigurationIsVisible = 0;
			defaultConfigurationName = Release;
		};
		3D5CD4731E50741500582874 /* Build configuration list for PBXNativeTarget "LBTools" */ = {
			isa = XCConfigurationList;
			buildConfigurations = (
				3D5CD4741E50741500582874 /* Debug */,
				3D5CD4751E50741500582874 /* Release */,
			);
			defaultConfigurationIsVisible = 0;
			defaultConfigurationName = Release;
		};
/* End XCConfigurationList section */
	};
	rootObject = 3D5CD4541E50741500582874 /* Project object */;
}
